
Microsoft Visual Studio Solution File, Format Version 12.00
# Visual Studio Version 17
VisualStudioVersion = 17.2.32505.173
MinimumVisualStudioVersion = 10.0.40219.1
Project("{9A19103F-16F7-4668-BE54-9A1E7A4F7556}") = "Keda.Function.SendEvents", "Keda.Function.Events\Keda.Function.SendEvents.csproj", "{A01BDEF1-26DD-46D6-8DB9-3B7E87BBB4B7}"
EndProject
Project("{9A19103F-16F7-4668-BE54-9A1E7A4F7556}") = "Keda.Worker.ConsumeEvents", "Keda.Worker.ConsumeEvents\Keda.Worker.ConsumeEvents.csproj", "{59E342B7-6708-4992-854E-F5BF97C17CD0}"
EndProject
Project("{2150E333-8FDC-42A3-9474-1A3956D46DE8}") = "Keda", "Keda", "{75B8C427-691A-4799-9258-82A375C85C71}"
EndProject
Global
	GlobalSection(SolutionConfigurationPlatforms) = preSolution
		Debug|Any CPU = Debug|Any CPU
		Release|Any CPU = Release|Any CPU
	EndGlobalSection
	GlobalSection(ProjectConfigurationPlatforms) = postSolution
		{A01BDEF1-26DD-46D6-8DB9-3B7E87BBB4B7}.Debug|Any CPU.ActiveCfg = Debug|Any CPU
		{A01BDEF1-26DD-46D6-8DB9-3B7E87BBB4B7}.Debug|Any CPU.Build.0 = Debug|Any CPU
		{A01BDEF1-26DD-46D6-8DB9-3B7E87BBB4B7}.Release|Any CPU.ActiveCfg = Release|Any CPU
		{A01BDEF1-26DD-46D6-8DB9-3B7E87BBB4B7}.Release|Any CPU.Build.0 = Release|Any CPU
		{59E342B7-6708-4992-854E-F5BF97C17CD0}.Debug|Any CPU.ActiveCfg = Debug|Any CPU
		{59E342B7-6708-4992-854E-F5BF97C17CD0}.Debug|Any CPU.Build.0 = Debug|Any CPU
		{59E342B7-6708-4992-854E-F5BF97C17CD0}.Release|Any CPU.ActiveCfg = Release|Any CPU
		{59E342B7-6708-4992-854E-F5BF97C17CD0}.Release|Any CPU.Build.0 = Release|Any CPU
	EndGlobalSection
	GlobalSection(SolutionProperties) = preSolution
		HideSolutionNode = FALSE
	EndGlobalSection
	GlobalSection(NestedProjects) = preSolution
		{A01BDEF1-26DD-46D6-8DB9-3B7E87BBB4B7} = {75B8C427-691A-4799-9258-82A375C85C71}
		{59E342B7-6708-4992-854E-F5BF97C17CD0} = {75B8C427-691A-4799-9258-82A375C85C71}
	EndGlobalSection
	GlobalSection(ExtensibilityGlobals) = postSolution
		SolutionGuid = {BC0483E8-F5BF-4CFF-AB7A-DEEC1BB655C1}
	EndGlobalSection
EndGlobal
